{
  "nodes": {
    "nixpkgs": {
      "locked": {
        "lastModified": 1722640603,
        "narHash": "sha256-TcXjLVNd3VeH1qKPH335Tc4RbFDbZQX+d7rqnDUoRaY=",
        "path": "/nix/store/qh9fxm85h6yyk4hfsdm0pkrsjhxl19kn-source",
        "rev": "81610abc161d4021b29199aa464d6a1a521e0cc9",
        "revCount": 661631,
        "type": "path"
      },
      "original": {
        "id": "nixpkgs",
        "type": "indirect"
      }
    },
    "root": {
      "inputs": {
        "nixpkgs": "nixpkgs"
      }
    }
  },
  "root": "root",
  "version": 7
}
